
Microsoft Visual Studio Solution File, Format Version 12.00
# Visual Studio Version 17
VisualStudioVersion = 17.14.36301.6
MinimumVisualStudioVersion = 10.0.40219.1
Project("{FAE04EC0-301F-11D3-BF4B-00C04F79EFBC}") = "Catalog_on_DotNet_8", "Catalog_on_DotNet_8\Catalog_on_DotNet_8.csproj", "{49392986-6BE3-4A91-88CB-4A448EA32DA7}"
EndProject
Project("{FAE04EC0-301F-11D3-BF4B-00C04F79EFBC}") = "TestConsole", "TestConsole\TestConsole.csproj", "{946A1FA8-289E-42B8-9FF9-98DEB42A0D37}"
EndProject
Global
	GlobalSection(SolutionConfigurationPlatforms) = preSolution
		Debug|Any CPU = Debug|Any CPU
		Release|Any CPU = Release|Any CPU
	EndGlobalSection
	GlobalSection(ProjectConfigurationPlatforms) = postSolution
		{49392986-6BE3-4A91-88CB-4A448EA32DA7}.Debug|Any CPU.ActiveCfg = Debug|Any CPU
		{49392986-6BE3-4A91-88CB-4A448EA32DA7}.Debug|Any CPU.Build.0 = Debug|Any CPU
		{49392986-6BE3-4A91-88CB-4A448EA32DA7}.Release|Any CPU.ActiveCfg = Release|Any CPU
		{49392986-6BE3-4A91-88CB-4A448EA32DA7}.Release|Any CPU.Build.0 = Release|Any CPU
		{946A1FA8-289E-42B8-9FF9-98DEB42A0D37}.Debug|Any CPU.ActiveCfg = Debug|Any CPU
		{946A1FA8-289E-42B8-9FF9-98DEB42A0D37}.Debug|Any CPU.Build.0 = Debug|Any CPU
		{946A1FA8-289E-42B8-9FF9-98DEB42A0D37}.Release|Any CPU.ActiveCfg = Release|Any CPU
		{946A1FA8-289E-42B8-9FF9-98DEB42A0D37}.Release|Any CPU.Build.0 = Release|Any CPU
	EndGlobalSection
	GlobalSection(SolutionProperties) = preSolution
		HideSolutionNode = FALSE
	EndGlobalSection
	GlobalSection(ExtensibilityGlobals) = postSolution
		SolutionGuid = {C2A1711F-5979-4E57-824A-2D15D0D9A094}
	EndGlobalSection
EndGlobal
